
Microsoft Visual Studio Solution File, Format Version 12.00
# Visual Studio Version 16
VisualStudioVersion = 16.0.30413.136
MinimumVisualStudioVersion = 10.0.40219.1
Project("{8BC9CEB8-8B4A-11D0-8D11-00A0C91BC942}") = "CppSMFL2", "CppSMFL2\CppSMFL2.vcxproj", "{E7F58C5E-1C67-454F-A3F3-FCAF7BBEB77B}"
EndProject
Global
	GlobalSection(SolutionConfigurationPlatforms) = preSolution
		Debug|x64 = Debug|x64
		Debug|x86 = Debug|x86
		Release|x64 = Release|x64
		Release|x86 = Release|x86
	EndGlobalSection
	GlobalSection(ProjectConfigurationPlatforms) = postSolution
		{E7F58C5E-1C67-454F-A3F3-FCAF7BBEB77B}.Debug|x64.ActiveCfg = Debug|x64
		{E7F58C5E-1C67-454F-A3F3-FCAF7BBEB77B}.Debug|x64.Build.0 = Debug|x64
		{E7F58C5E-1C67-454F-A3F3-FCAF7BBEB77B}.Debug|x86.ActiveCfg = Debug|Win32
		{E7F58C5E-1C67-454F-A3F3-FCAF7BBEB77B}.Debug|x86.Build.0 = Debug|Win32
		{E7F58C5E-1C67-454F-A3F3-FCAF7BBEB77B}.Release|x64.ActiveCfg = Release|x64
		{E7F58C5E-1C67-454F-A3F3-FCAF7BBEB77B}.Release|x64.Build.0 = Release|x64
		{E7F58C5E-1C67-454F-A3F3-FCAF7BBEB77B}.Release|x86.ActiveCfg = Release|Win32
		{E7F58C5E-1C67-454F-A3F3-FCAF7BBEB77B}.Release|x86.Build.0 = Release|Win32
	EndGlobalSection
	GlobalSection(SolutionProperties) = preSolution
		HideSolutionNode = FALSE
	EndGlobalSection
	GlobalSection(ExtensibilityGlobals) = postSolution
		SolutionGuid = {14C9E06E-F2E6-45BB-A6E7-B8FF4F4E2679}
	EndGlobalSection
EndGlobal
